
Microsoft Visual Studio Solution File, Format Version 12.00
# Visual Studio Version 16
VisualStudioVersion = 16.0.33423.256
MinimumVisualStudioVersion = 10.0.40219.1
Project("{FAE04EC0-301F-11D3-BF4B-00C04F79EFBC}") = "SaaSProductMasterTest", "SaaSProductMasterTest\SaaSProductMasterTest.csproj", "{B04705EF-0B5B-4569-9FED-417D94899A93}"
EndProject
Project("{FAE04EC0-301F-11D3-BF4B-00C04F79EFBC}") = "ProductImport", "ProductImport\ProductImport.csproj", "{42129961-D6B3-492A-B16D-8303E2DABCD4}"
EndProject
Global
	GlobalSection(SolutionConfigurationPlatforms) = preSolution
		Debug|Any CPU = Debug|Any CPU
		Release|Any CPU = Release|Any CPU
	EndGlobalSection
	GlobalSection(ProjectConfigurationPlatforms) = postSolution
		{B04705EF-0B5B-4569-9FED-417D94899A93}.Debug|Any CPU.ActiveCfg = Debug|Any CPU
		{B04705EF-0B5B-4569-9FED-417D94899A93}.Debug|Any CPU.Build.0 = Debug|Any CPU
		{B04705EF-0B5B-4569-9FED-417D94899A93}.Release|Any CPU.ActiveCfg = Release|Any CPU
		{B04705EF-0B5B-4569-9FED-417D94899A93}.Release|Any CPU.Build.0 = Release|Any CPU
		{42129961-D6B3-492A-B16D-8303E2DABCD4}.Debug|Any CPU.ActiveCfg = Debug|Any CPU
		{42129961-D6B3-492A-B16D-8303E2DABCD4}.Debug|Any CPU.Build.0 = Debug|Any CPU
		{42129961-D6B3-492A-B16D-8303E2DABCD4}.Release|Any CPU.ActiveCfg = Release|Any CPU
		{42129961-D6B3-492A-B16D-8303E2DABCD4}.Release|Any CPU.Build.0 = Release|Any CPU
	EndGlobalSection
	GlobalSection(SolutionProperties) = preSolution
		HideSolutionNode = FALSE
	EndGlobalSection
	GlobalSection(ExtensibilityGlobals) = postSolution
		SolutionGuid = {80E19D66-4741-455F-ABAC-E6458F6FFDEB}
	EndGlobalSection
EndGlobal
